{
	"name": "@ldfields/props-rdf-conversion",
	"version": "0.0.0",
	"lockfileVersion": 1,
	"requires": true,
	"dependencies": {
		"@rdfjs/data-model": {
			"version": "1.2.0",
			"resolved": "https://registry.npmjs.org/@rdfjs/data-model/-/data-model-1.2.0.tgz",
			"integrity": "sha512-6ITWcu2sr9zJqXUPDm1XJ8DRpea7PotWBIkTzuO1MCSruLOWH2ICoQOAtlJy30cT+GqH9oAQKPR+CHXejsdizA==",
			"requires": {
				"@types/rdf-js": "*"
			}
		},
		"@types/node": {
			"version": "14.14.28",
			"resolved": "https://registry.npmjs.org/@types/node/-/node-14.14.28.tgz",
			"integrity": "sha512-lg55ArB+ZiHHbBBttLpzD07akz0QPrZgUODNakeC09i62dnrywr9mFErHuaPlB6I7z+sEbK+IYmplahvplCj2g=="
		},
		"@types/rdf-js": {
			"version": "4.0.1",
			"resolved": "https://registry.npmjs.org/@types/rdf-js/-/rdf-js-4.0.1.tgz",
			"integrity": "sha512-S+28+3RoFI+3arls7dS813gYnhb2HiyLX+gs00rgIvCzHU93DaYajhx4tyT+XEO8SjtzZw90OF4OVdYXBwbvkQ==",
			"requires": {
				"@types/node": "*"
			}
		},
		"typescript": {
			"version": "4.1.5",
			"resolved": "https://registry.npmjs.org/typescript/-/typescript-4.1.5.tgz",
			"integrity": "sha512-6OSu9PTIzmn9TCDiovULTnET6BgXtDYL4Gg4szY+cGsc3JP1dQL8qvE8kShTRx1NIw4Q9IBHlwODjkjWEtMUyA=="
		}
	}
}
