{
  "name": "react-renderer",
  "version": "0.0.0",
  "lockfileVersion": 1,
  "requires": true,
  "dependencies": {
    "default": {
      "version": "0.1.1",
      "resolved": "https://registry.npmjs.org/default/-/default-0.1.1.tgz",
      "integrity": "sha1-OBZQXXJdKvWYNQUYF95qhy5V5xw="
    }
  }
}
