{
  "name": "@ldfields/data-term-conversion",
  "version": "0.0.0",
  "lockfileVersion": 2,
  "requires": true,
  "packages": {
    "": {
      "name": "@ldfields/data-term-conversion",
      "version": "0.0.0",
      "license": "MIT",
      "dependencies": {
        "@rdfjs/data-model": "^1.2.0",
        "typescript": "^4.1.5"
      },
      "devDependencies": {
        "rdf-js": "^1.0.2"
      }
    },
    "node_modules/@rdfjs/data-model": {
      "version": "1.2.0",
      "resolved": "https://registry.npmjs.org/@rdfjs/data-model/-/data-model-1.2.0.tgz",
      "integrity": "sha512-6ITWcu2sr9zJqXUPDm1XJ8DRpea7PotWBIkTzuO1MCSruLOWH2ICoQOAtlJy30cT+GqH9oAQKPR+CHXejsdizA==",
      "dependencies": {
        "@types/rdf-js": "*"
      },
      "bin": {
        "rdfjs-data-model-test": "bin/test.js"
      },
      "engines": {
        "node": ">=6"
      }
    },
    "node_modules/@types/node": {
      "version": "14.14.28",
      "resolved": "https://registry.npmjs.org/@types/node/-/node-14.14.28.tgz",
      "integrity": "sha512-lg55ArB+ZiHHbBBttLpzD07akz0QPrZgUODNakeC09i62dnrywr9mFErHuaPlB6I7z+sEbK+IYmplahvplCj2g=="
    },
    "node_modules/@types/rdf-js": {
      "version": "4.0.1",
      "resolved": "https://registry.npmjs.org/@types/rdf-js/-/rdf-js-4.0.1.tgz",
      "integrity": "sha512-S+28+3RoFI+3arls7dS813gYnhb2HiyLX+gs00rgIvCzHU93DaYajhx4tyT+XEO8SjtzZw90OF4OVdYXBwbvkQ==",
      "dependencies": {
        "@types/node": "*"
      }
    },
    "node_modules/rdf-js": {
      "version": "1.0.2",
      "resolved": "https://registry.npmjs.org/rdf-js/-/rdf-js-1.0.2.tgz",
      "integrity": "sha512-xnR7jV0oVViKJTDE1RIOHs+b4gGPbhwV/D8SciN8Ib8Li5bqtXxRsQSYs6NfDsPN7SULTh6eh5AQ7kLXo7qQoA==",
      "dev": true
    },
    "node_modules/typescript": {
      "version": "4.1.5",
      "resolved": "https://registry.npmjs.org/typescript/-/typescript-4.1.5.tgz",
      "integrity": "sha512-6OSu9PTIzmn9TCDiovULTnET6BgXtDYL4Gg4szY+cGsc3JP1dQL8qvE8kShTRx1NIw4Q9IBHlwODjkjWEtMUyA==",
      "bin": {
        "tsc": "bin/tsc",
        "tsserver": "bin/tsserver"
      },
      "engines": {
        "node": ">=4.2.0"
      }
    }
  },
  "dependencies": {
    "@rdfjs/data-model": {
      "version": "1.2.0",
      "resolved": "https://registry.npmjs.org/@rdfjs/data-model/-/data-model-1.2.0.tgz",
      "integrity": "sha512-6ITWcu2sr9zJqXUPDm1XJ8DRpea7PotWBIkTzuO1MCSruLOWH2ICoQOAtlJy30cT+GqH9oAQKPR+CHXejsdizA==",
      "requires": {
        "@types/rdf-js": "*"
      }
    },
    "@types/node": {
      "version": "14.14.28",
      "resolved": "https://registry.npmjs.org/@types/node/-/node-14.14.28.tgz",
      "integrity": "sha512-lg55ArB+ZiHHbBBttLpzD07akz0QPrZgUODNakeC09i62dnrywr9mFErHuaPlB6I7z+sEbK+IYmplahvplCj2g=="
    },
    "@types/rdf-js": {
      "version": "4.0.1",
      "resolved": "https://registry.npmjs.org/@types/rdf-js/-/rdf-js-4.0.1.tgz",
      "integrity": "sha512-S+28+3RoFI+3arls7dS813gYnhb2HiyLX+gs00rgIvCzHU93DaYajhx4tyT+XEO8SjtzZw90OF4OVdYXBwbvkQ==",
      "requires": {
        "@types/node": "*"
      }
    },
    "rdf-js": {
      "version": "1.0.2",
      "resolved": "https://registry.npmjs.org/rdf-js/-/rdf-js-1.0.2.tgz",
      "integrity": "sha512-xnR7jV0oVViKJTDE1RIOHs+b4gGPbhwV/D8SciN8Ib8Li5bqtXxRsQSYs6NfDsPN7SULTh6eh5AQ7kLXo7qQoA==",
      "dev": true
    },
    "typescript": {
      "version": "4.1.5",
      "resolved": "https://registry.npmjs.org/typescript/-/typescript-4.1.5.tgz",
      "integrity": "sha512-6OSu9PTIzmn9TCDiovULTnET6BgXtDYL4Gg4szY+cGsc3JP1dQL8qvE8kShTRx1NIw4Q9IBHlwODjkjWEtMUyA=="
    }
  }
}
